PODS:
  - AsyncSwift (1.7.3)

DEPENDENCIES:
  - AsyncSwift (from `https://github.com/zolomatok/Async`)

EXTERNAL SOURCES:
  AsyncSwift:
    :git: https://github.com/zolomatok/Async

CHECKOUT OPTIONS:
  AsyncSwift:
    :commit: 01a23b4efc5f5e7f792d93460a56c5c4a08033a6
    :git: https://github.com/zolomatok/Async

SPEC CHECKSUMS:
  AsyncSwift: f3ad5dd077bbd1477e7573e87071a532fedaca1a

PODFILE CHECKSUM: 93c6e8f02d14cd2ef1e8fa181c9a4f800453530f

COCOAPODS: 1.0.1
