// !$*UTF8*$!
{
	archiveVersion = 1;
	classes = {
	};
	objectVersion = 46;
	objects = {

/* Begin PBXBuildFile section */
		F3036D361D2584A80056BCE4 /* UIButton+Johnny.swift in Sources */ = {isa = PBXBuildFile; fileRef = F3E4CB051D25634F005B30AB /* UIButton+Johnny.swift */; };
		F3036D371D2584B00056BCE4 /* UIImage+Johnny.swift in Sources */ = {isa = PBXBuildFile; fileRef = F3E4CB061D25634F005B30AB /* UIImage+Johnny.swift */; };
		F3036D381D2584C30056BCE4 /* UIImage+Johnny.swift in Sources */ = {isa = PBXBuildFile; fileRef = F3E4CB061D25634F005B30AB /* UIImage+Johnny.swift */; };
		F30F64911D46A27500EDD75F /* WatchKit+Johnny.swift in Sources */ = {isa = PBXBuildFile; fileRef = F359013F1D2A9C9A00868171 /* WatchKit+Johnny.swift */; };
		F30F64921D46A39A00EDD75F /* UIButton+Johnny.swift in Sources */ = {isa = PBXBuildFile; fileRef = F3E4CB051D25634F005B30AB /* UIButton+Johnny.swift */; };
		F319959D1D48D60200429F83 /* JohnnyDiskTests.swift in Sources */ = {isa = PBXBuildFile; fileRef = F319959C1D48D60200429F83 /* JohnnyDiskTests.swift */; };
		F3382FB91D2594D3009C2110 /* UIColor+Johnny.swift in Sources */ = {isa = PBXBuildFile; fileRef = F3382FB81D2594D3009C2110 /* UIColor+Johnny.swift */; };
		F3382FBA1D2594D8009C2110 /* UIColor+Johnny.swift in Sources */ = {isa = PBXBuildFile; fileRef = F3382FB81D2594D3009C2110 /* UIColor+Johnny.swift */; };
		F3382FBB1D2594D9009C2110 /* UIColor+Johnny.swift in Sources */ = {isa = PBXBuildFile; fileRef = F3382FB81D2594D3009C2110 /* UIColor+Johnny.swift */; };
		F35901381D2A7DEC00868171 /* Foundation+Johnny.swift in Sources */ = {isa = PBXBuildFile; fileRef = F35901371D2A7DEC00868171 /* Foundation+Johnny.swift */; };
		F35901391D2A7DF100868171 /* Foundation+Johnny.swift in Sources */ = {isa = PBXBuildFile; fileRef = F35901371D2A7DEC00868171 /* Foundation+Johnny.swift */; };
		F359013A1D2A7DF200868171 /* Foundation+Johnny.swift in Sources */ = {isa = PBXBuildFile; fileRef = F35901371D2A7DEC00868171 /* Foundation+Johnny.swift */; };
		F359013B1D2A7DF200868171 /* Foundation+Johnny.swift in Sources */ = {isa = PBXBuildFile; fileRef = F35901371D2A7DEC00868171 /* Foundation+Johnny.swift */; };
		F359013E1D2A822400868171 /* AppKit+Johnny.swift in Sources */ = {isa = PBXBuildFile; fileRef = F359013C1D2A820900868171 /* AppKit+Johnny.swift */; };
		F37A20541D48A042007603F5 /* JohnnyMemoryTests.swift in Sources */ = {isa = PBXBuildFile; fileRef = F37A20531D48A042007603F5 /* JohnnyMemoryTests.swift */; };
		F37A20561D48A042007603F5 /* Johnny.framework in Frameworks */ = {isa = PBXBuildFile; fileRef = F3E4CAF31D256069005B30AB /* Johnny.framework */; };
		F37A205F1D48AC39007603F5 /* johnny-logo.png in Resources */ = {isa = PBXBuildFile; fileRef = F35901881D2AA55400868171 /* johnny-logo.png */; };
		F37A20601D48AC3A007603F5 /* johnny-logo.png in Resources */ = {isa = PBXBuildFile; fileRef = F35901881D2AA55400868171 /* johnny-logo.png */; };
		F3E4CAF71D256069005B30AB /* Johnny.h in Headers */ = {isa = PBXBuildFile; fileRef = F3E4CAF61D256069005B30AB /* Johnny.h */; settings = {ATTRIBUTES = (Public, ); }; };
		F3E4CB0B1D25634F005B30AB /* Disk.swift in Sources */ = {isa = PBXBuildFile; fileRef = F3E4CB001D25634F005B30AB /* Disk.swift */; };
		F3E4CB0D1D25634F005B30AB /* Stdlib+Johnny.swift in Sources */ = {isa = PBXBuildFile; fileRef = F3E4CB031D25634F005B30AB /* Stdlib+Johnny.swift */; };
		F3E4CB101D25634F005B30AB /* UIImage+Johnny.swift in Sources */ = {isa = PBXBuildFile; fileRef = F3E4CB061D25634F005B30AB /* UIImage+Johnny.swift */; };
		F3E4CB111D25634F005B30AB /* UIImageView+Johnny.swift in Sources */ = {isa = PBXBuildFile; fileRef = F3E4CB071D25634F005B30AB /* UIImageView+Johnny.swift */; };
		F3E4CB121D25634F005B30AB /* Johnny.swift in Sources */ = {isa = PBXBuildFile; fileRef = F3E4CB081D25634F005B30AB /* Johnny.swift */; };
		F3E4CB131D25634F005B30AB /* Log.swift in Sources */ = {isa = PBXBuildFile; fileRef = F3E4CB091D25634F005B30AB /* Log.swift */; };
		F3E4CB141D25634F005B30AB /* Memory.swift in Sources */ = {isa = PBXBuildFile; fileRef = F3E4CB0A1D25634F005B30AB /* Memory.swift */; };
		F3E4CB341D2572FC005B30AB /* Johnny macOS.h in Headers */ = {isa = PBXBuildFile; fileRef = F3E4CB331D2572FC005B30AB /* Johnny macOS.h */; settings = {ATTRIBUTES = (Public, ); }; };
		F3E4CB411D2573CD005B30AB /* Johnny tvOS.h in Headers */ = {isa = PBXBuildFile; fileRef = F3E4CB401D2573CD005B30AB /* Johnny tvOS.h */; settings = {ATTRIBUTES = (Public, ); }; };
		F3E4CB4E1D2573FF005B30AB /* Johnny watchOS.h in Headers */ = {isa = PBXBuildFile; fileRef = F3E4CB4D1D2573FF005B30AB /* Johnny watchOS.h */; settings = {ATTRIBUTES = (Public, ); }; };
		F3E4CB531D25754C005B30AB /* Johnny.h in Headers */ = {isa = PBXBuildFile; fileRef = F3E4CAF61D256069005B30AB /* Johnny.h */; };
		F3E4CB541D25754C005B30AB /* Johnny.h in Headers */ = {isa = PBXBuildFile; fileRef = F3E4CAF61D256069005B30AB /* Johnny.h */; };
		F3E4CB551D25754D005B30AB /* Johnny.h in Headers */ = {isa = PBXBuildFile; fileRef = F3E4CAF61D256069005B30AB /* Johnny.h */; };
		F3E4CB561D257552005B30AB /* Johnny.swift in Sources */ = {isa = PBXBuildFile; fileRef = F3E4CB081D25634F005B30AB /* Johnny.swift */; };
		F3E4CB571D257552005B30AB /* Memory.swift in Sources */ = {isa = PBXBuildFile; fileRef = F3E4CB0A1D25634F005B30AB /* Memory.swift */; };
		F3E4CB581D257552005B30AB /* Disk.swift in Sources */ = {isa = PBXBuildFile; fileRef = F3E4CB001D25634F005B30AB /* Disk.swift */; };
		F3E4CB591D257553005B30AB /* Johnny.swift in Sources */ = {isa = PBXBuildFile; fileRef = F3E4CB081D25634F005B30AB /* Johnny.swift */; };
		F3E4CB5A1D257553005B30AB /* Memory.swift in Sources */ = {isa = PBXBuildFile; fileRef = F3E4CB0A1D25634F005B30AB /* Memory.swift */; };
		F3E4CB5B1D257553005B30AB /* Disk.swift in Sources */ = {isa = PBXBuildFile; fileRef = F3E4CB001D25634F005B30AB /* Disk.swift */; };
		F3E4CB5C1D257554005B30AB /* Johnny.swift in Sources */ = {isa = PBXBuildFile; fileRef = F3E4CB081D25634F005B30AB /* Johnny.swift */; };
		F3E4CB5D1D257554005B30AB /* Memory.swift in Sources */ = {isa = PBXBuildFile; fileRef = F3E4CB0A1D25634F005B30AB /* Memory.swift */; };
		F3E4CB5E1D257554005B30AB /* Disk.swift in Sources */ = {isa = PBXBuildFile; fileRef = F3E4CB001D25634F005B30AB /* Disk.swift */; };
		F3E4CB601D25755D005B30AB /* Stdlib+Johnny.swift in Sources */ = {isa = PBXBuildFile; fileRef = F3E4CB031D25634F005B30AB /* Stdlib+Johnny.swift */; };
		F3E4CB661D25755E005B30AB /* Stdlib+Johnny.swift in Sources */ = {isa = PBXBuildFile; fileRef = F3E4CB031D25634F005B30AB /* Stdlib+Johnny.swift */; };
		F3E4CB6A1D25755E005B30AB /* UIImageView+Johnny.swift in Sources */ = {isa = PBXBuildFile; fileRef = F3E4CB071D25634F005B30AB /* UIImageView+Johnny.swift */; };
		F3E4CB6C1D25755E005B30AB /* Stdlib+Johnny.swift in Sources */ = {isa = PBXBuildFile; fileRef = F3E4CB031D25634F005B30AB /* Stdlib+Johnny.swift */; };
		F3E4CB711D25756A005B30AB /* Log.swift in Sources */ = {isa = PBXBuildFile; fileRef = F3E4CB091D25634F005B30AB /* Log.swift */; };
		F3E4CB721D25756B005B30AB /* Log.swift in Sources */ = {isa = PBXBuildFile; fileRef = F3E4CB091D25634F005B30AB /* Log.swift */; };
		F3E4CB731D25756B005B30AB /* Log.swift in Sources */ = {isa = PBXBuildFile; fileRef = F3E4CB091D25634F005B30AB /* Log.swift */; };
/* End PBXBuildFile section */

/* Begin PBXContainerItemProxy section */
		F37A20571D48A042007603F5 /* PBXContainerItemProxy */ = {
			isa = PBXContainerItemProxy;
			containerPortal = F3E4CAEA1D256069005B30AB /* Project object */;
			proxyType = 1;
			remoteGlobalIDString = F3E4CAF21D256069005B30AB;
			remoteInfo = "Johnny iOS";
		};
/* End PBXContainerItemProxy section */

/* Begin PBXFileReference section */
		F3036D321D257FC50056BCE4 /* macOS.modulemap */ = {isa = PBXFileReference; fileEncoding = 4; lastKnownFileType = "sourcecode.module-map"; path = macOS.modulemap; sourceTree = "<group>"; };
		F319959C1D48D60200429F83 /* JohnnyDiskTests.swift */ = {isa = PBXFileReference; fileEncoding = 4; lastKnownFileType = sourcecode.swift; path = JohnnyDiskTests.swift; sourceTree = "<group>"; };
		F31E2FE21D49F10B009EE3F1 /* johhny-logo.sketch */ = {isa = PBXFileReference; lastKnownFileType = file; path = "johhny-logo.sketch"; sourceTree = SOURCE_ROOT; };
		F31E2FE41D4A1016009EE3F1 /* tags.sketch */ = {isa = PBXFileReference; lastKnownFileType = file; path = tags.sketch; sourceTree = SOURCE_ROOT; };
		F31E2FE51D4A1061009EE3F1 /* language.svg */ = {isa = PBXFileReference; lastKnownFileType = text.xml; path = language.svg; sourceTree = SOURCE_ROOT; };
		F31E2FE61D4A1061009EE3F1 /* license.svg */ = {isa = PBXFileReference; lastKnownFileType = text.xml; path = license.svg; sourceTree = SOURCE_ROOT; };
		F31E2FE71D4A1061009EE3F1 /* platform.svg */ = {isa = PBXFileReference; lastKnownFileType = text.xml; path = platform.svg; sourceTree = SOURCE_ROOT; };
		F31E2FE81D4A1061009EE3F1 /* pod.svg */ = {isa = PBXFileReference; lastKnownFileType = text.xml; path = pod.svg; sourceTree = SOURCE_ROOT; };
		F33542F91D258A3D00E3026F /* tvOS.modulemap */ = {isa = PBXFileReference; fileEncoding = 4; lastKnownFileType = "sourcecode.module-map"; path = tvOS.modulemap; sourceTree = "<group>"; };
		F3382FB71D259384009C2110 /* watchOS.modulemap */ = {isa = PBXFileReference; lastKnownFileType = "sourcecode.module-map"; path = watchOS.modulemap; sourceTree = "<group>"; };
		F3382FB81D2594D3009C2110 /* UIColor+Johnny.swift */ = {isa = PBXFileReference; fileEncoding = 4; lastKnownFileType = sourcecode.swift; path = "UIColor+Johnny.swift"; sourceTree = "<group>"; };
		F35901371D2A7DEC00868171 /* Foundation+Johnny.swift */ = {isa = PBXFileReference; fileEncoding = 4; lastKnownFileType = sourcecode.swift; path = "Foundation+Johnny.swift"; sourceTree = "<group>"; };
		F359013C1D2A820900868171 /* AppKit+Johnny.swift */ = {isa = PBXFileReference; fileEncoding = 4; lastKnownFileType = sourcecode.swift; path = "AppKit+Johnny.swift"; sourceTree = "<group>"; };
		F359013F1D2A9C9A00868171 /* WatchKit+Johnny.swift */ = {isa = PBXFileReference; fileEncoding = 4; lastKnownFileType = sourcecode.swift; path = "WatchKit+Johnny.swift"; sourceTree = "<group>"; };
		F35901881D2AA55400868171 /* johnny-logo.png */ = {isa = PBXFileReference; lastKnownFileType = image.png; path = "johnny-logo.png"; sourceTree = "<group>"; };
		F359018B1D2AC51500868171 /* README.md */ = {isa = PBXFileReference; lastKnownFileType = net.daringfireball.markdown; path = README.md; sourceTree = SOURCE_ROOT; };
		F359018D1D2AC65800868171 /* Johnny.podspec */ = {isa = PBXFileReference; lastKnownFileType = text; path = Johnny.podspec; sourceTree = SOURCE_ROOT; };
		F37A20511D48A042007603F5 /* JohnnyTests.xctest */ = {isa = PBXFileReference; explicitFileType = wrapper.cfbundle; includeInIndex = 0; path = JohnnyTests.xctest; sourceTree = BUILT_PRODUCTS_DIR; };
		F37A20531D48A042007603F5 /* JohnnyMemoryTests.swift */ = {isa = PBXFileReference; lastKnownFileType = sourcecode.swift; path = JohnnyMemoryTests.swift; sourceTree = "<group>"; };
		F37A20551D48A042007603F5 /* Info.plist */ = {isa = PBXFileReference; lastKnownFileType = text.plist.xml; path = Info.plist; sourceTree = "<group>"; };
		F3E4CAF31D256069005B30AB /* Johnny.framework */ = {isa = PBXFileReference; explicitFileType = wrapper.framework; includeInIndex = 0; path = Johnny.framework; sourceTree = BUILT_PRODUCTS_DIR; };
		F3E4CAF61D256069005B30AB /* Johnny.h */ = {isa = PBXFileReference; lastKnownFileType = sourcecode.c.h; path = Johnny.h; sourceTree = "<group>"; };
		F3E4CAF81D256069005B30AB /* Info.plist */ = {isa = PBXFileReference; lastKnownFileType = text.plist.xml; path = Info.plist; sourceTree = "<group>"; };
		F3E4CB001D25634F005B30AB /* Disk.swift */ = {isa = PBXFileReference; fileEncoding = 4; lastKnownFileType = sourcecode.swift; path = Disk.swift; sourceTree = "<group>"; };
		F3E4CB031D25634F005B30AB /* Stdlib+Johnny.swift */ = {isa = PBXFileReference; fileEncoding = 4; lastKnownFileType = sourcecode.swift; path = "Stdlib+Johnny.swift"; sourceTree = "<group>"; };
		F3E4CB051D25634F005B30AB /* UIButton+Johnny.swift */ = {isa = PBXFileReference; fileEncoding = 4; lastKnownFileType = sourcecode.swift; path = "UIButton+Johnny.swift"; sourceTree = "<group>"; };
		F3E4CB061D25634F005B30AB /* UIImage+Johnny.swift */ = {isa = PBXFileReference; fileEncoding = 4; lastKnownFileType = sourcecode.swift; path = "UIImage+Johnny.swift"; sourceTree = "<group>"; };
		F3E4CB071D25634F005B30AB /* UIImageView+Johnny.swift */ = {isa = PBXFileReference; fileEncoding = 4; lastKnownFileType = sourcecode.swift; path = "UIImageView+Johnny.swift"; sourceTree = "<group>"; };
		F3E4CB081D25634F005B30AB /* Johnny.swift */ = {isa = PBXFileReference; fileEncoding = 4; lastKnownFileType = sourcecode.swift; path = Johnny.swift; sourceTree = "<group>"; };
		F3E4CB091D25634F005B30AB /* Log.swift */ = {isa = PBXFileReference; fileEncoding = 4; lastKnownFileType = sourcecode.swift; path = Log.swift; sourceTree = "<group>"; };
		F3E4CB0A1D25634F005B30AB /* Memory.swift */ = {isa = PBXFileReference; fileEncoding = 4; lastKnownFileType = sourcecode.swift; path = Memory.swift; sourceTree = "<group>"; };
		F3E4CB311D2572FC005B30AB /* Johnny.framework */ = {isa = PBXFileReference; explicitFileType = wrapper.framework; includeInIndex = 0; path = Johnny.framework; sourceTree = BUILT_PRODUCTS_DIR; };
		F3E4CB331D2572FC005B30AB /* Johnny macOS.h */ = {isa = PBXFileReference; lastKnownFileType = sourcecode.c.h; path = "Johnny macOS.h"; sourceTree = "<group>"; };
		F3E4CB351D2572FC005B30AB /* Info.plist */ = {isa = PBXFileReference; lastKnownFileType = text.plist.xml; path = Info.plist; sourceTree = "<group>"; };
		F3E4CB3E1D2573CD005B30AB /* Johnny.framework */ = {isa = PBXFileReference; explicitFileType = wrapper.framework; includeInIndex = 0; path = Johnny.framework; sourceTree = BUILT_PRODUCTS_DIR; };
		F3E4CB401D2573CD005B30AB /* Johnny tvOS.h */ = {isa = PBXFileReference; lastKnownFileType = sourcecode.c.h; path = "Johnny tvOS.h"; sourceTree = "<group>"; };
		F3E4CB421D2573CD005B30AB /* Info.plist */ = {isa = PBXFileReference; lastKnownFileType = text.plist.xml; path = Info.plist; sourceTree = "<group>"; };
		F3E4CB4B1D2573FF005B30AB /* Johnny.framework */ = {isa = PBXFileReference; explicitFileType = wrapper.framework; includeInIndex = 0; path = Johnny.framework; sourceTree = BUILT_PRODUCTS_DIR; };
		F3E4CB4D1D2573FF005B30AB /* Johnny watchOS.h */ = {isa = PBXFileReference; lastKnownFileType = sourcecode.c.h; path = "Johnny watchOS.h"; sourceTree = "<group>"; };
		F3E4CB4F1D2573FF005B30AB /* Info.plist */ = {isa = PBXFileReference; lastKnownFileType = text.plist.xml; path = Info.plist; sourceTree = "<group>"; };
/* End PBXFileReference section */

/* Begin PBXFrameworksBuildPhase section */
		F37A204E1D48A042007603F5 /* Frameworks */ = {
			isa = PBXFrameworksBuildPhase;
			buildActionMask = 2147483647;
			files = (
				F37A20561D48A042007603F5 /* Johnny.framework in Frameworks */,
			);
			runOnlyForDeploymentPostprocessing = 0;
		};
		F3E4CAEF1D256069005B30AB /* Frameworks */ = {
			isa = PBXFrameworksBuildPhase;
			buildActionMask = 2147483647;
			files = (
			);
			runOnlyForDeploymentPostprocessing = 0;
		};
		F3E4CB2D1D2572FC005B30AB /* Frameworks */ = {
			isa = PBXFrameworksBuildPhase;
			buildActionMask = 2147483647;
			files = (
			);
			runOnlyForDeploymentPostprocessing = 0;
		};
		F3E4CB3A1D2573CD005B30AB /* Frameworks */ = {
			isa = PBXFrameworksBuildPhase;
			buildActionMask = 2147483647;
			files = (
			);
			runOnlyForDeploymentPostprocessing = 0;
		};
		F3E4CB471D2573FF005B30AB /* Frameworks */ = {
			isa = PBXFrameworksBuildPhase;
			buildActionMask = 2147483647;
			files = (
			);
			runOnlyForDeploymentPostprocessing = 0;
		};
/* End PBXFrameworksBuildPhase section */

/* Begin PBXGroup section */
		F359018C1D2AC51E00868171 /* Configuration */ = {
			isa = PBXGroup;
			children = (
				F3E4CAF81D256069005B30AB /* Info.plist */,
				F359018B1D2AC51500868171 /* README.md */,
				F359018D1D2AC65800868171 /* Johnny.podspec */,
				F35901881D2AA55400868171 /* johnny-logo.png */,
				F31E2FE21D49F10B009EE3F1 /* johhny-logo.sketch */,
				F31E2FE41D4A1016009EE3F1 /* tags.sketch */,
				F31E2FE51D4A1061009EE3F1 /* language.svg */,
				F31E2FE61D4A1061009EE3F1 /* license.svg */,
				F31E2FE71D4A1061009EE3F1 /* platform.svg */,
				F31E2FE81D4A1061009EE3F1 /* pod.svg */,
			);
			name = Configuration;
			sourceTree = "<group>";
		};
		F37A20521D48A042007603F5 /* JohnnyTests */ = {
			isa = PBXGroup;
			children = (
				F37A20531D48A042007603F5 /* JohnnyMemoryTests.swift */,
				F319959C1D48D60200429F83 /* JohnnyDiskTests.swift */,
				F37A20551D48A042007603F5 /* Info.plist */,
			);
			path = JohnnyTests;
			sourceTree = "<group>";
		};
		F3D0533D1D47E26A00D9AA84 /* common */ = {
			isa = PBXGroup;
			children = (
				F3E4CB031D25634F005B30AB /* Stdlib+Johnny.swift */,
				F35901371D2A7DEC00868171 /* Foundation+Johnny.swift */,
			);
			path = common;
			sourceTree = "<group>";
		};
		F3D0533F1D47E26A00D9AA84 /* macOS */ = {
			isa = PBXGroup;
			children = (
				F359013C1D2A820900868171 /* AppKit+Johnny.swift */,
			);
			path = macOS;
			sourceTree = "<group>";
		};
		F3D053411D47E26A00D9AA84 /* watchOS */ = {
			isa = PBXGroup;
			children = (
				F359013F1D2A9C9A00868171 /* WatchKit+Johnny.swift */,
			);
			path = watchOS;
			sourceTree = "<group>";
		};
		F3E4CAE91D256069005B30AB = {
			isa = PBXGroup;
			children = (
				F3E4CAF51D256069005B30AB /* Johnny */,
				F3E4CB321D2572FC005B30AB /* Johnny macOS */,
				F3E4CB3F1D2573CD005B30AB /* Johnny tvOS */,
				F3E4CB4C1D2573FF005B30AB /* Johnny watchOS */,
				F37A20521D48A042007603F5 /* JohnnyTests */,
				F3E4CAF41D256069005B30AB /* Products */,
			);
			sourceTree = "<group>";
		};
		F3E4CAF41D256069005B30AB /* Products */ = {
			isa = PBXGroup;
			children = (
				F3E4CAF31D256069005B30AB /* Johnny.framework */,
				F3E4CB311D2572FC005B30AB /* Johnny.framework */,
				F3E4CB3E1D2573CD005B30AB /* Johnny.framework */,
				F3E4CB4B1D2573FF005B30AB /* Johnny.framework */,
				F37A20511D48A042007603F5 /* JohnnyTests.xctest */,
			);
			name = Products;
			sourceTree = "<group>";
		};
		F3E4CAF51D256069005B30AB /* Johnny */ = {
			isa = PBXGroup;
			children = (
				F3E4CAF61D256069005B30AB /* Johnny.h */,
				F3E4CB081D25634F005B30AB /* Johnny.swift */,
				F3E4CB0A1D25634F005B30AB /* Memory.swift */,
				F3E4CB001D25634F005B30AB /* Disk.swift */,
				F3E4CB011D25634F005B30AB /* Extensions */,
				F3E4CB091D25634F005B30AB /* Log.swift */,
				F359018C1D2AC51E00868171 /* Configuration */,
			);
			path = Johnny;
			sourceTree = "<group>";
		};
		F3E4CB011D25634F005B30AB /* Extensions */ = {
			isa = PBXGroup;
			children = (
				F3D0533D1D47E26A00D9AA84 /* common */,
				F3D0533F1D47E26A00D9AA84 /* macOS */,
				F3D053411D47E26A00D9AA84 /* watchOS */,
				F3E4CB051D25634F005B30AB /* UIButton+Johnny.swift */,
				F3382FB81D2594D3009C2110 /* UIColor+Johnny.swift */,
				F3E4CB061D25634F005B30AB /* UIImage+Johnny.swift */,
				F3E4CB071D25634F005B30AB /* UIImageView+Johnny.swift */,
			);
			path = Extensions;
			sourceTree = "<group>";
		};
		F3E4CB321D2572FC005B30AB /* Johnny macOS */ = {
			isa = PBXGroup;
			children = (
				F3E4CB331D2572FC005B30AB /* Johnny macOS.h */,
				F3E4CB351D2572FC005B30AB /* Info.plist */,
				F3036D321D257FC50056BCE4 /* macOS.modulemap */,
			);
			path = "Johnny macOS";
			sourceTree = "<group>";
		};
		F3E4CB3F1D2573CD005B30AB /* Johnny tvOS */ = {
			isa = PBXGroup;
			children = (
				F3E4CB401D2573CD005B30AB /* Johnny tvOS.h */,
				F3E4CB421D2573CD005B30AB /* Info.plist */,
				F33542F91D258A3D00E3026F /* tvOS.modulemap */,
			);
			path = "Johnny tvOS";
			sourceTree = "<group>";
		};
		F3E4CB4C1D2573FF005B30AB /* Johnny watchOS */ = {
			isa = PBXGroup;
			children = (
				F3E4CB4D1D2573FF005B30AB /* Johnny watchOS.h */,
				F3E4CB4F1D2573FF005B30AB /* Info.plist */,
				F3382FB71D259384009C2110 /* watchOS.modulemap */,
			);
			path = "Johnny watchOS";
			sourceTree = "<group>";
		};
/* End PBXGroup section */

/* Begin PBXHeadersBuildPhase section */
		F3E4CAF01D256069005B30AB /* Headers */ = {
			isa = PBXHeadersBuildPhase;
			buildActionMask = 2147483647;
			files = (
				F3E4CAF71D256069005B30AB /* Johnny.h in Headers */,
			);
			runOnlyForDeploymentPostprocessing = 0;
		};
		F3E4CB2E1D2572FC005B30AB /* Headers */ = {
			isa = PBXHeadersBuildPhase;
			buildActionMask = 2147483647;
			files = (
				F3E4CB341D2572FC005B30AB /* Johnny macOS.h in Headers */,
				F3E4CB531D25754C005B30AB /* Johnny.h in Headers */,
			);
			runOnlyForDeploymentPostprocessing = 0;
		};
		F3E4CB3B1D2573CD005B30AB /* Headers */ = {
			isa = PBXHeadersBuildPhase;
			buildActionMask = 2147483647;
			files = (
				F3E4CB541D25754C005B30AB /* Johnny.h in Headers */,
				F3E4CB411D2573CD005B30AB /* Johnny tvOS.h in Headers */,
			);
			runOnlyForDeploymentPostprocessing = 0;
		};
		F3E4CB481D2573FF005B30AB /* Headers */ = {
			isa = PBXHeadersBuildPhase;
			buildActionMask = 2147483647;
			files = (
				F3E4CB551D25754D005B30AB /* Johnny.h in Headers */,
				F3E4CB4E1D2573FF005B30AB /* Johnny watchOS.h in Headers */,
			);
			runOnlyForDeploymentPostprocessing = 0;
		};
/* End PBXHeadersBuildPhase section */

/* Begin PBXNativeTarget section */
		F37A20501D48A042007603F5 /* JohnnyTests */ = {
			isa = PBXNativeTarget;
			buildConfigurationList = F37A205B1D48A042007603F5 /* Build configuration list for PBXNativeTarget "JohnnyTests" */;
			buildPhases = (
				F37A204D1D48A042007603F5 /* Sources */,
				F37A204E1D48A042007603F5 /* Frameworks */,
				F37A204F1D48A042007603F5 /* Resources */,
			);
			buildRules = (
			);
			dependencies = (
				F37A20581D48A042007603F5 /* PBXTargetDependency */,
			);
			name = JohnnyTests;
			productName = JohnnyTests;
			productReference = F37A20511D48A042007603F5 /* JohnnyTests.xctest */;
			productType = "com.apple.product-type.bundle.unit-test";
		};
		F3E4CAF21D256069005B30AB /* Johnny iOS */ = {
			isa = PBXNativeTarget;
			buildConfigurationList = F3E4CAFB1D256069005B30AB /* Build configuration list for PBXNativeTarget "Johnny iOS" */;
			buildPhases = (
				F3E4CAEE1D256069005B30AB /* Sources */,
				F3E4CAEF1D256069005B30AB /* Frameworks */,
				F3E4CAF01D256069005B30AB /* Headers */,
				F3E4CAF11D256069005B30AB /* Resources */,
			);
			buildRules = (
			);
			dependencies = (
			);
			name = "Johnny iOS";
			productName = Johnny;
			productReference = F3E4CAF31D256069005B30AB /* Johnny.framework */;
			productType = "com.apple.product-type.framework";
		};
		F3E4CB301D2572FC005B30AB /* Johnny macOS */ = {
			isa = PBXNativeTarget;
			buildConfigurationList = F3E4CB381D2572FC005B30AB /* Build configuration list for PBXNativeTarget "Johnny macOS" */;
			buildPhases = (
				F3E4CB2C1D2572FC005B30AB /* Sources */,
				F3E4CB2D1D2572FC005B30AB /* Frameworks */,
				F3E4CB2E1D2572FC005B30AB /* Headers */,
				F3E4CB2F1D2572FC005B30AB /* Resources */,
			);
			buildRules = (
			);
			dependencies = (
			);
			name = "Johnny macOS";
			productName = "Johnny macOS";
			productReference = F3E4CB311D2572FC005B30AB /* Johnny.framework */;
			productType = "com.apple.product-type.framework";
		};
		F3E4CB3D1D2573CD005B30AB /* Johnny tvOS */ = {
			isa = PBXNativeTarget;
			buildConfigurationList = F3E4CB431D2573CD005B30AB /* Build configuration list for PBXNativeTarget "Johnny tvOS" */;
			buildPhases = (
				F3E4CB391D2573CD005B30AB /* Sources */,
				F3E4CB3A1D2573CD005B30AB /* Frameworks */,
				F3E4CB3B1D2573CD005B30AB /* Headers */,
				F3E4CB3C1D2573CD005B30AB /* Resources */,
			);
			buildRules = (
			);
			dependencies = (
			);
			name = "Johnny tvOS";
			productName = "Johnny tvOS";
			productReference = F3E4CB3E1D2573CD005B30AB /* Johnny.framework */;
			productType = "com.apple.product-type.framework";
		};
		F3E4CB4A1D2573FF005B30AB /* Johnny watchOS */ = {
			isa = PBXNativeTarget;
			buildConfigurationList = F3E4CB501D2573FF005B30AB /* Build configuration list for PBXNativeTarget "Johnny watchOS" */;
			buildPhases = (
				F3E4CB461D2573FF005B30AB /* Sources */,
				F3E4CB471D2573FF005B30AB /* Frameworks */,
				F3E4CB481D2573FF005B30AB /* Headers */,
				F3E4CB491D2573FF005B30AB /* Resources */,
			);
			buildRules = (
			);
			dependencies = (
			);
			name = "Johnny watchOS";
			productName = "Johnny watchOS";
			productReference = F3E4CB4B1D2573FF005B30AB /* Johnny.framework */;
			productType = "com.apple.product-type.framework";
		};
/* End PBXNativeTarget section */

/* Begin PBXProject section */
		F3E4CAEA1D256069005B30AB /* Project object */ = {
			isa = PBXProject;
			attributes = {
				LastSwiftUpdateCheck = 0730;
				LastUpgradeCheck = 0820;
				ORGANIZATIONNAME = "Zoltán Matók";
				TargetAttributes = {
					F37A20501D48A042007603F5 = {
						CreatedOnToolsVersion = 7.3.1;
						LastSwiftMigration = 0820;
					};
					F3E4CAF21D256069005B30AB = {
						CreatedOnToolsVersion = 7.3.1;
						LastSwiftMigration = 0820;
					};
					F3E4CB301D2572FC005B30AB = {
						CreatedOnToolsVersion = 7.3.1;
						LastSwiftMigration = 0820;
					};
					F3E4CB3D1D2573CD005B30AB = {
						CreatedOnToolsVersion = 7.3.1;
						LastSwiftMigration = 0820;
					};
					F3E4CB4A1D2573FF005B30AB = {
						CreatedOnToolsVersion = 7.3.1;
						LastSwiftMigration = 0820;
					};
				};
			};
			buildConfigurationList = F3E4CAED1D256069005B30AB /* Build configuration list for PBXProject "Johnny" */;
			compatibilityVersion = "Xcode 3.2";
			developmentRegion = English;
			hasScannedForEncodings = 0;
			knownRegions = (
				en,
			);
			mainGroup = F3E4CAE91D256069005B30AB;
			productRefGroup = F3E4CAF41D256069005B30AB /* Products */;
			projectDirPath = "";
			projectRoot = "";
			targets = (
				F3E4CAF21D256069005B30AB /* Johnny iOS */,
				F3E4CB301D2572FC005B30AB /* Johnny macOS */,
				F3E4CB3D1D2573CD005B30AB /* Johnny tvOS */,
				F3E4CB4A1D2573FF005B30AB /* Johnny watchOS */,
				F37A20501D48A042007603F5 /* JohnnyTests */,
			);
		};
/* End PBXProject section */

/* Begin PBXResourcesBuildPhase section */
		F37A204F1D48A042007603F5 /* Resources */ = {
			isa = PBXResourcesBuildPhase;
			buildActionMask = 2147483647;
			files = (
				F37A20601D48AC3A007603F5 /* johnny-logo.png in Resources */,
			);
			runOnlyForDeploymentPostprocessing = 0;
		};
		F3E4CAF11D256069005B30AB /* Resources */ = {
			isa = PBXResourcesBuildPhase;
			buildActionMask = 2147483647;
			files = (
				F37A205F1D48AC39007603F5 /* johnny-logo.png in Resources */,
			);
			runOnlyForDeploymentPostprocessing = 0;
		};
		F3E4CB2F1D2572FC005B30AB /* Resources */ = {
			isa = PBXResourcesBuildPhase;
			buildActionMask = 2147483647;
			files = (
			);
			runOnlyForDeploymentPostprocessing = 0;
		};
		F3E4CB3C1D2573CD005B30AB /* Resources */ = {
			isa = PBXResourcesBuildPhase;
			buildActionMask = 2147483647;
			files = (
			);
			runOnlyForDeploymentPostprocessing = 0;
		};
		F3E4CB491D2573FF005B30AB /* Resources */ = {
			isa = PBXResourcesBuildPhase;
			buildActionMask = 2147483647;
			files = (
			);
			runOnlyForDeploymentPostprocessing = 0;
		};
/* End PBXResourcesBuildPhase section */

/* Begin PBXSourcesBuildPhase section */
		F37A204D1D48A042007603F5 /* Sources */ = {
			isa = PBXSourcesBuildPhase;
			buildActionMask = 2147483647;
			files = (
				F319959D1D48D60200429F83 /* JohnnyDiskTests.swift in Sources */,
				F37A20541D48A042007603F5 /* JohnnyMemoryTests.swift in Sources */,
			);
			runOnlyForDeploymentPostprocessing = 0;
		};
		F3E4CAEE1D256069005B30AB /* Sources */ = {
			isa = PBXSourcesBuildPhase;
			buildActionMask = 2147483647;
			files = (
				F3E4CB111D25634F005B30AB /* UIImageView+Johnny.swift in Sources */,
				F35901381D2A7DEC00868171 /* Foundation+Johnny.swift in Sources */,
				F3E4CB131D25634F005B30AB /* Log.swift in Sources */,
				F3036D361D2584A80056BCE4 /* UIButton+Johnny.swift in Sources */,
				F3E4CB0D1D25634F005B30AB /* Stdlib+Johnny.swift in Sources */,
				F3382FB91D2594D3009C2110 /* UIColor+Johnny.swift in Sources */,
				F3E4CB121D25634F005B30AB /* Johnny.swift in Sources */,
				F3E4CB0B1D25634F005B30AB /* Disk.swift in Sources */,
				F3E4CB141D25634F005B30AB /* Memory.swift in Sources */,
				F3E4CB101D25634F005B30AB /* UIImage+Johnny.swift in Sources */,
			);
			runOnlyForDeploymentPostprocessing = 0;
		};
		F3E4CB2C1D2572FC005B30AB /* Sources */ = {
			isa = PBXSourcesBuildPhase;
			buildActionMask = 2147483647;
			files = (
				F3E4CB711D25756A005B30AB /* Log.swift in Sources */,
				F35901391D2A7DF100868171 /* Foundation+Johnny.swift in Sources */,
				F359013E1D2A822400868171 /* AppKit+Johnny.swift in Sources */,
				F3E4CB601D25755D005B30AB /* Stdlib+Johnny.swift in Sources */,
				F3E4CB581D257552005B30AB /* Disk.swift in Sources */,
				F3E4CB571D257552005B30AB /* Memory.swift in Sources */,
				F3E4CB561D257552005B30AB /* Johnny.swift in Sources */,
			);
			runOnlyForDeploymentPostprocessing = 0;
		};
		F3E4CB391D2573CD005B30AB /* Sources */ = {
			isa = PBXSourcesBuildPhase;
			buildActionMask = 2147483647;
			files = (
				F359013A1D2A7DF200868171 /* Foundation+Johnny.swift in Sources */,
				F30F64921D46A39A00EDD75F /* UIButton+Johnny.swift in Sources */,
				F3E4CB721D25756B005B30AB /* Log.swift in Sources */,
				F3E4CB661D25755E005B30AB /* Stdlib+Johnny.swift in Sources */,
				F3382FBA1D2594D8009C2110 /* UIColor+Johnny.swift in Sources */,
				F3E4CB5B1D257553005B30AB /* Disk.swift in Sources */,
				F3036D381D2584C30056BCE4 /* UIImage+Johnny.swift in Sources */,
				F3E4CB5A1D257553005B30AB /* Memory.swift in Sources */,
				F3E4CB591D257553005B30AB /* Johnny.swift in Sources */,
				F3E4CB6A1D25755E005B30AB /* UIImageView+Johnny.swift in Sources */,
			);
			runOnlyForDeploymentPostprocessing = 0;
		};
		F3E4CB461D2573FF005B30AB /* Sources */ = {
			isa = PBXSourcesBuildPhase;
			buildActionMask = 2147483647;
			files = (
				F359013B1D2A7DF200868171 /* Foundation+Johnny.swift in Sources */,
				F3E4CB731D25756B005B30AB /* Log.swift in Sources */,
				F3E4CB6C1D25755E005B30AB /* Stdlib+Johnny.swift in Sources */,
				F30F64911D46A27500EDD75F /* WatchKit+Johnny.swift in Sources */,
				F3E4CB5E1D257554005B30AB /* Disk.swift in Sources */,
				F3382FBB1D2594D9009C2110 /* UIColor+Johnny.swift in Sources */,
				F3036D371D2584B00056BCE4 /* UIImage+Johnny.swift in Sources */,
				F3E4CB5D1D257554005B30AB /* Memory.swift in Sources */,
				F3E4CB5C1D257554005B30AB /* Johnny.swift in Sources */,
			);
			runOnlyForDeploymentPostprocessing = 0;
		};
/* End PBXSourcesBuildPhase section */

/* Begin PBXTargetDependency section */
		F37A20581D48A042007603F5 /* PBXTargetDependency */ = {
			isa = PBXTargetDependency;
			target = F3E4CAF21D256069005B30AB /* Johnny iOS */;
			targetProxy = F37A20571D48A042007603F5 /* PBXContainerItemProxy */;
		};
/* End PBXTargetDependency section */

/* Begin XCBuildConfiguration section */
		F37A20591D48A042007603F5 /* Debug */ = {
			isa = XCBuildConfiguration;
			buildSettings = {
				INFOPLIST_FILE = JohnnyTests/Info.plist;
				IPHONEOS_DEPLOYMENT_TARGET = 9.3;
				LD_RUNPATH_SEARCH_PATHS = "$(inherited) @executable_path/Frameworks @loader_path/Frameworks";
				PRODUCT_BUNDLE_IDENTIFIER = ZoltanMatok.JohnnyTests;
				PRODUCT_NAME = "$(TARGET_NAME)";
				SWIFT_VERSION = 3.0;
			};
			name = Debug;
		};
		F37A205A1D48A042007603F5 /* Release */ = {
			isa = XCBuildConfiguration;
			buildSettings = {
				INFOPLIST_FILE = JohnnyTests/Info.plist;
				IPHONEOS_DEPLOYMENT_TARGET = 9.3;
				LD_RUNPATH_SEARCH_PATHS = "$(inherited) @executable_path/Frameworks @loader_path/Frameworks";
				PRODUCT_BUNDLE_IDENTIFIER = ZoltanMatok.JohnnyTests;
				PRODUCT_NAME = "$(TARGET_NAME)";
				SWIFT_VERSION = 3.0;
			};
			name = Release;
		};
		F3E4CAF91D256069005B30AB /* Debug */ = {
			isa = XCBuildConfiguration;
			buildSettings = {
				ALWAYS_SEARCH_USER_PATHS = NO;
				CLANG_ANALYZER_NONNULL = YES;
				CLANG_CXX_LANGUAGE_STANDARD = "gnu++0x";
				CLANG_CXX_LIBRARY = "libc++";
				CLANG_ENABLE_MODULES = YES;
				CLANG_ENABLE_OBJC_ARC = YES;
				CLANG_WARN_BOOL_CONVERSION = YES;
				CLANG_WARN_CONSTANT_CONVERSION = YES;
				CLANG_WARN_DIRECT_OBJC_ISA_USAGE = YES_ERROR;
				CLANG_WARN_EMPTY_BODY = YES;
				CLANG_WARN_ENUM_CONVERSION = YES;
				CLANG_WARN_INFINITE_RECURSION = YES;
				CLANG_WARN_INT_CONVERSION = YES;
				CLANG_WARN_OBJC_ROOT_CLASS = YES_ERROR;
				CLANG_WARN_SUSPICIOUS_MOVE = YES;
				CLANG_WARN_UNREACHABLE_CODE = YES;
				CLANG_WARN__DUPLICATE_METHOD_MATCH = YES;
				"CODE_SIGN_IDENTITY[sdk=iphoneos*]" = "iPhone Developer";
				COPY_PHASE_STRIP = NO;
				CURRENT_PROJECT_VERSION = 1;
				DEBUG_INFORMATION_FORMAT = dwarf;
				ENABLE_STRICT_OBJC_MSGSEND = YES;
				ENABLE_TESTABILITY = YES;
				GCC_C_LANGUAGE_STANDARD = gnu99;
				GCC_DYNAMIC_NO_PIC = NO;
				GCC_NO_COMMON_BLOCKS = YES;
				GCC_OPTIMIZATION_LEVEL = 0;
				GCC_PREPROCESSOR_DEFINITIONS = (
					"DEBUG=1",
					"$(inherited)",
				);
				GCC_WARN_64_TO_32_BIT_CONVERSION = YES;
				GCC_WARN_ABOUT_RETURN_TYPE = YES_ERROR;
				GCC_WARN_UNDECLARED_SELECTOR = YES;
				GCC_WARN_UNINITIALIZED_AUTOS = YES_AGGRESSIVE;
				GCC_WARN_UNUSED_FUNCTION = YES;
				GCC_WARN_UNUSED_VARIABLE = YES;
				IPHONEOS_DEPLOYMENT_TARGET = 8.0;
				MTL_ENABLE_DEBUG_INFO = YES;
				ONLY_ACTIVE_ARCH = YES;
				SDKROOT = iphoneos;
				SWIFT_OPTIMIZATION_LEVEL = "-Onone";
				TARGETED_DEVICE_FAMILY = "1,2";
				VERSIONING_SYSTEM = "apple-generic";
				VERSION_INFO_PREFIX = "";
			};
			name = Debug;
		};
		F3E4CAFA1D256069005B30AB /* Release */ = {
			isa = XCBuildConfiguration;
			buildSettings = {
				ALWAYS_SEARCH_USER_PATHS = NO;
				CLANG_ANALYZER_NONNULL = YES;
				CLANG_CXX_LANGUAGE_STANDARD = "gnu++0x";
				CLANG_CXX_LIBRARY = "libc++";
				CLANG_ENABLE_MODULES = YES;
				CLANG_ENABLE_OBJC_ARC = YES;
				CLANG_WARN_BOOL_CONVERSION = YES;
				CLANG_WARN_CONSTANT_CONVERSION = YES;
				CLANG_WARN_DIRECT_OBJC_ISA_USAGE = YES_ERROR;
				CLANG_WARN_EMPTY_BODY = YES;
				CLANG_WARN_ENUM_CONVERSION = YES;
				CLANG_WARN_INFINITE_RECURSION = YES;
				CLANG_WARN_INT_CONVERSION = YES;
				CLANG_WARN_OBJC_ROOT_CLASS = YES_ERROR;
				CLANG_WARN_SUSPICIOUS_MOVE = YES;
				CLANG_WARN_UNREACHABLE_CODE = YES;
				CLANG_WARN__DUPLICATE_METHOD_MATCH = YES;
				"CODE_SIGN_IDENTITY[sdk=iphoneos*]" = "iPhone Developer";
				COPY_PHASE_STRIP = NO;
				CURRENT_PROJECT_VERSION = 1;
				DEBUG_INFORMATION_FORMAT = "dwarf-with-dsym";
				ENABLE_NS_ASSERTIONS = NO;
				ENABLE_STRICT_OBJC_MSGSEND = YES;
				GCC_C_LANGUAGE_STANDARD = gnu99;
				GCC_NO_COMMON_BLOCKS = YES;
				GCC_WARN_64_TO_32_BIT_CONVERSION = YES;
				GCC_WARN_ABOUT_RETURN_TYPE = YES_ERROR;
				GCC_WARN_UNDECLARED_SELECTOR = YES;
				GCC_WARN_UNINITIALIZED_AUTOS = YES_AGGRESSIVE;
				GCC_WARN_UNUSED_FUNCTION = YES;
				GCC_WARN_UNUSED_VARIABLE = YES;
				IPHONEOS_DEPLOYMENT_TARGET = 8.0;
				MTL_ENABLE_DEBUG_INFO = NO;
				SDKROOT = iphoneos;
				SWIFT_OPTIMIZATION_LEVEL = "-Owholemodule";
				TARGETED_DEVICE_FAMILY = "1,2";
				VALIDATE_PRODUCT = YES;
				VERSIONING_SYSTEM = "apple-generic";
				VERSION_INFO_PREFIX = "";
			};
			name = Release;
		};
		F3E4CAFC1D256069005B30AB /* Debug */ = {
			isa = XCBuildConfiguration;
			buildSettings = {
				CLANG_ENABLE_MODULES = YES;
				"CODE_SIGN_IDENTITY[sdk=iphoneos*]" = "";
				DEFINES_MODULE = YES;
				DYLIB_COMPATIBILITY_VERSION = 1;
				DYLIB_CURRENT_VERSION = 1;
				DYLIB_INSTALL_NAME_BASE = "@rpath";
				INFOPLIST_FILE = Johnny/Info.plist;
				INSTALL_PATH = "$(LOCAL_LIBRARY_DIR)/Frameworks";
				LD_RUNPATH_SEARCH_PATHS = "$(inherited) @executable_path/Frameworks @loader_path/Frameworks";
				OTHER_SWIFT_FLAGS = "$(inherited) -DUIKIT_COMPATIBLE";
				PRODUCT_BUNDLE_IDENTIFIER = ZoltanMatok.Johnny;
				PRODUCT_NAME = Johnny;
				SKIP_INSTALL = YES;
				SWIFT_OPTIMIZATION_LEVEL = "-Onone";
				SWIFT_VERSION = 3.0;
			};
			name = Debug;
		};
		F3E4CAFD1D256069005B30AB /* Release */ = {
			isa = XCBuildConfiguration;
			buildSettings = {
				CLANG_ENABLE_MODULES = YES;
				"CODE_SIGN_IDENTITY[sdk=iphoneos*]" = "";
				DEFINES_MODULE = YES;
				DYLIB_COMPATIBILITY_VERSION = 1;
				DYLIB_CURRENT_VERSION = 1;
				DYLIB_INSTALL_NAME_BASE = "@rpath";
				INFOPLIST_FILE = Johnny/Info.plist;
				INSTALL_PATH = "$(LOCAL_LIBRARY_DIR)/Frameworks";
				LD_RUNPATH_SEARCH_PATHS = "$(inherited) @executable_path/Frameworks @loader_path/Frameworks";
				OTHER_SWIFT_FLAGS = "$(inherited) -DUIKIT_COMPATIBLE";
				PRODUCT_BUNDLE_IDENTIFIER = ZoltanMatok.Johnny;
				PRODUCT_NAME = Johnny;
				SKIP_INSTALL = YES;
				SWIFT_VERSION = 3.0;
			};
			name = Release;
		};
		F3E4CB361D2572FC005B30AB /* Debug */ = {
			isa = XCBuildConfiguration;
			buildSettings = {
				CODE_SIGN_IDENTITY = "-";
				COMBINE_HIDPI_IMAGES = YES;
				DEFINES_MODULE = YES;
				DYLIB_COMPATIBILITY_VERSION = 1;
				DYLIB_CURRENT_VERSION = 1;
				DYLIB_INSTALL_NAME_BASE = "@rpath";
				FRAMEWORK_VERSION = A;
				INFOPLIST_FILE = "Johnny macOS/Info.plist";
				INSTALL_PATH = "$(LOCAL_LIBRARY_DIR)/Frameworks";
				LD_RUNPATH_SEARCH_PATHS = "$(inherited) @executable_path/../Frameworks @loader_path/Frameworks";
				MACOSX_DEPLOYMENT_TARGET = 10.10;
				MODULEMAP_FILE = "$(SRCROOT)/Johnny macOS/macOS.modulemap";
				PRODUCT_BUNDLE_IDENTIFIER = "ZoltanMatok.Johnny-macOS";
				PRODUCT_NAME = Johnny;
				SDKROOT = macosx;
				SKIP_INSTALL = YES;
				SWIFT_VERSION = 3.0;
			};
			name = Debug;
		};
		F3E4CB371D2572FC005B30AB /* Release */ = {
			isa = XCBuildConfiguration;
			buildSettings = {
				CODE_SIGN_IDENTITY = "-";
				COMBINE_HIDPI_IMAGES = YES;
				DEFINES_MODULE = YES;
				DYLIB_COMPATIBILITY_VERSION = 1;
				DYLIB_CURRENT_VERSION = 1;
				DYLIB_INSTALL_NAME_BASE = "@rpath";
				FRAMEWORK_VERSION = A;
				INFOPLIST_FILE = "Johnny macOS/Info.plist";
				INSTALL_PATH = "$(LOCAL_LIBRARY_DIR)/Frameworks";
				LD_RUNPATH_SEARCH_PATHS = "$(inherited) @executable_path/../Frameworks @loader_path/Frameworks";
				MACOSX_DEPLOYMENT_TARGET = 10.10;
				MODULEMAP_FILE = "$(SRCROOT)/Johnny macOS/macOS.modulemap";
				PRODUCT_BUNDLE_IDENTIFIER = "ZoltanMatok.Johnny-macOS";
				PRODUCT_NAME = Johnny;
				SDKROOT = macosx;
				SKIP_INSTALL = YES;
				SWIFT_VERSION = 3.0;
			};
			name = Release;
		};
		F3E4CB441D2573CD005B30AB /* Debug */ = {
			isa = XCBuildConfiguration;
			buildSettings = {
				"CODE_SIGN_IDENTITY[sdk=appletvos*]" = "";
				DEFINES_MODULE = YES;
				DYLIB_COMPATIBILITY_VERSION = 1;
				DYLIB_CURRENT_VERSION = 1;
				DYLIB_INSTALL_NAME_BASE = "@rpath";
				INFOPLIST_FILE = "Johnny tvOS/Info.plist";
				INSTALL_PATH = "$(LOCAL_LIBRARY_DIR)/Frameworks";
				LD_RUNPATH_SEARCH_PATHS = "$(inherited) @executable_path/Frameworks @loader_path/Frameworks";
				MODULEMAP_FILE = "$(SRCROOT)/Johnny tvOS/tvOS.modulemap";
				OTHER_SWIFT_FLAGS = "-DUIKIT_COMPATIBLE $(inherited)";
				PRODUCT_BUNDLE_IDENTIFIER = "ZoltanMatok.Johnny-tvOS";
				PRODUCT_NAME = Johnny;
				SDKROOT = appletvos;
				SKIP_INSTALL = YES;
				SWIFT_VERSION = 3.0;
				TARGETED_DEVICE_FAMILY = 3;
				TVOS_DEPLOYMENT_TARGET = 9.0;
			};
			name = Debug;
		};
		F3E4CB451D2573CD005B30AB /* Release */ = {
			isa = XCBuildConfiguration;
			buildSettings = {
				"CODE_SIGN_IDENTITY[sdk=appletvos*]" = "";
				DEFINES_MODULE = YES;
				DYLIB_COMPATIBILITY_VERSION = 1;
				DYLIB_CURRENT_VERSION = 1;
				DYLIB_INSTALL_NAME_BASE = "@rpath";
				INFOPLIST_FILE = "Johnny tvOS/Info.plist";
				INSTALL_PATH = "$(LOCAL_LIBRARY_DIR)/Frameworks";
				LD_RUNPATH_SEARCH_PATHS = "$(inherited) @executable_path/Frameworks @loader_path/Frameworks";
				MODULEMAP_FILE = "$(SRCROOT)/Johnny tvOS/tvOS.modulemap";
				OTHER_SWIFT_FLAGS = "-DUIKIT_COMPATIBLE $(inherited)";
				PRODUCT_BUNDLE_IDENTIFIER = "ZoltanMatok.Johnny-tvOS";
				PRODUCT_NAME = Johnny;
				SDKROOT = appletvos;
				SKIP_INSTALL = YES;
				SWIFT_VERSION = 3.0;
				TARGETED_DEVICE_FAMILY = 3;
				TVOS_DEPLOYMENT_TARGET = 9.0;
			};
			name = Release;
		};
		F3E4CB511D2573FF005B30AB /* Debug */ = {
			isa = XCBuildConfiguration;
			buildSettings = {
				APPLICATION_EXTENSION_API_ONLY = YES;
				"CODE_SIGN_IDENTITY[sdk=watchos*]" = "";
				DEFINES_MODULE = YES;
				DYLIB_COMPATIBILITY_VERSION = 1;
				DYLIB_CURRENT_VERSION = 1;
				DYLIB_INSTALL_NAME_BASE = "@rpath";
				INFOPLIST_FILE = "Johnny watchOS/Info.plist";
				INSTALL_PATH = "$(LOCAL_LIBRARY_DIR)/Frameworks";
				LD_RUNPATH_SEARCH_PATHS = "$(inherited) @executable_path/Frameworks @loader_path/Frameworks";
				MODULEMAP_FILE = "$(SRCROOT)/Johnny watchOS/watchOS.modulemap";
				OTHER_SWIFT_FLAGS = "-DUIKIT_COMPATIBLE $(inherited) -DWATCHKIT";
				PRODUCT_BUNDLE_IDENTIFIER = "ZoltanMatok.Johnny-watchOS";
				PRODUCT_NAME = Johnny;
				SDKROOT = watchos;
				SKIP_INSTALL = YES;
				SWIFT_VERSION = 3.0;
				TARGETED_DEVICE_FAMILY = 4;
				WATCHOS_DEPLOYMENT_TARGET = 2.0;
			};
			name = Debug;
		};
		F3E4CB521D2573FF005B30AB /* Release */ = {
			isa = XCBuildConfiguration;
			buildSettings = {
				APPLICATION_EXTENSION_API_ONLY = YES;
				"CODE_SIGN_IDENTITY[sdk=watchos*]" = "";
				DEFINES_MODULE = YES;
				DYLIB_COMPATIBILITY_VERSION = 1;
				DYLIB_CURRENT_VERSION = 1;
				DYLIB_INSTALL_NAME_BASE = "@rpath";
				INFOPLIST_FILE = "Johnny watchOS/Info.plist";
				INSTALL_PATH = "$(LOCAL_LIBRARY_DIR)/Frameworks";
				LD_RUNPATH_SEARCH_PATHS = "$(inherited) @executable_path/Frameworks @loader_path/Frameworks";
				MODULEMAP_FILE = "$(SRCROOT)/Johnny watchOS/watchOS.modulemap";
				OTHER_SWIFT_FLAGS = "-DUIKIT_COMPATIBLE $(inherited) -DWATCHKIT";
				PRODUCT_BUNDLE_IDENTIFIER = "ZoltanMatok.Johnny-watchOS";
				PRODUCT_NAME = Johnny;
				SDKROOT = watchos;
				SKIP_INSTALL = YES;
				SWIFT_VERSION = 3.0;
				TARGETED_DEVICE_FAMILY = 4;
				WATCHOS_DEPLOYMENT_TARGET = 2.0;
			};
			name = Release;
		};
/* End XCBuildConfiguration section */

/* Begin XCConfigurationList section */
		F37A205B1D48A042007603F5 /* Build configuration list for PBXNativeTarget "JohnnyTests" */ = {
			isa = XCConfigurationList;
			buildConfigurations = (
				F37A20591D48A042007603F5 /* Debug */,
				F37A205A1D48A042007603F5 /* Release */,
			);
			defaultConfigurationIsVisible = 0;
			defaultConfigurationName = Release;
		};
		F3E4CAED1D256069005B30AB /* Build configuration list for PBXProject "Johnny" */ = {
			isa = XCConfigurationList;
			buildConfigurations = (
				F3E4CAF91D256069005B30AB /* Debug */,
				F3E4CAFA1D256069005B30AB /* Release */,
			);
			defaultConfigurationIsVisible = 0;
			defaultConfigurationName = Release;
		};
		F3E4CAFB1D256069005B30AB /* Build configuration list for PBXNativeTarget "Johnny iOS" */ = {
			isa = XCConfigurationList;
			buildConfigurations = (
				F3E4CAFC1D256069005B30AB /* Debug */,
				F3E4CAFD1D256069005B30AB /* Release */,
			);
			defaultConfigurationIsVisible = 0;
			defaultConfigurationName = Release;
		};
		F3E4CB381D2572FC005B30AB /* Build configuration list for PBXNativeTarget "Johnny macOS" */ = {
			isa = XCConfigurationList;
			buildConfigurations = (
				F3E4CB361D2572FC005B30AB /* Debug */,
				F3E4CB371D2572FC005B30AB /* Release */,
			);
			defaultConfigurationIsVisible = 0;
			defaultConfigurationName = Release;
		};
		F3E4CB431D2573CD005B30AB /* Build configuration list for PBXNativeTarget "Johnny tvOS" */ = {
			isa = XCConfigurationList;
			buildConfigurations = (
				F3E4CB441D2573CD005B30AB /* Debug */,
				F3E4CB451D2573CD005B30AB /* Release */,
			);
			defaultConfigurationIsVisible = 0;
			defaultConfigurationName = Release;
		};
		F3E4CB501D2573FF005B30AB /* Build configuration list for PBXNativeTarget "Johnny watchOS" */ = {
			isa = XCConfigurationList;
			buildConfigurations = (
				F3E4CB511D2573FF005B30AB /* Debug */,
				F3E4CB521D2573FF005B30AB /* Release */,
			);
			defaultConfigurationIsVisible = 0;
			defaultConfigurationName = Release;
		};
/* End XCConfigurationList section */
	};
	rootObject = F3E4CAEA1D256069005B30AB /* Project object */;
}
